{
  "name": "hackathons",
  "lockfileVersion": 3,
  "requires": true,
  "packages": {
    "": {
      "devDependencies": {
        "@cloudflare/workers-types": "^4.20260217.0"
      }
    },
    "node_modules/@cloudflare/workers-types": {
      "version": "4.20260217.0",
      "resolved": "https://registry.npmjs.org/@cloudflare/workers-types/-/workers-types-4.20260217.0.tgz",
      "integrity": "sha512-R5s8h/zj91g6HSB/qndpXGS5Xc8t8Ik3BwY6qwe7XXV6r3Gey1gdthFSK4A2IrPQEmTsc7wEXbs9KpBLNttlqg==",
      "dev": true,
      "license": "MIT OR Apache-2.0"
    }
  }
}
